// !$*UTF8*$!
{
	archiveVersion = 1;
	classes = {
	};
	objectVersion = 46;
	objects = {

/* Begin PBXBuildFile section */
		6CA4C3B91E6EC62700189430 /* AppDelegate.swift in Sources */ = {isa = PBXBuildFile; fileRef = 6CA4C3B81E6EC62700189430 /* AppDelegate.swift */; };
		6CA4C3BB1E6EC62700189430 /* ViewController.swift in Sources */ = {isa = PBXBuildFile; fileRef = 6CA4C3BA1E6EC62700189430 /* ViewController.swift */; };
		6CA4C3BE1E6EC62700189430 /* Main.storyboard in Resources */ = {isa = PBXBuildFile; fileRef = 6CA4C3BC1E6EC62700189430 /* Main.storyboard */; };
		6CA4C3C11E6EC62700189430 /* ExpenseTracker.xcdatamodeld in Sources */ = {isa = PBXBuildFile; fileRef = 6CA4C3BF1E6EC62700189430 /* ExpenseTracker.xcdatamodeld */; };
		6CA4C3C31E6EC62700189430 /* Assets.xcassets in Resources */ = {isa = PBXBuildFile; fileRef = 6CA4C3C21E6EC62700189430 /* Assets.xcassets */; };
		6CA4C3C61E6EC62700189430 /* LaunchScreen.storyboard in Resources */ = {isa = PBXBuildFile; fileRef = 6CA4C3C41E6EC62700189430 /* LaunchScreen.storyboard */; };
		6CA4C3D11E6EC62700189430 /* ExpenseTrackerTests.swift in Sources */ = {isa = PBXBuildFile; fileRef = 6CA4C3D01E6EC62700189430 /* ExpenseTrackerTests.swift */; };
		6CA4C3DC1E6EC62700189430 /* ExpenseTrackerUITests.swift in Sources */ = {isa = PBXBuildFile; fileRef = 6CA4C3DB1E6EC62700189430 /* ExpenseTrackerUITests.swift */; };
/* End PBXBuildFile section */

/* Begin PBXContainerItemProxy section */
		6CA4C3CD1E6EC62700189430 /* PBXContainerItemProxy */ = {
			isa = PBXContainerItemProxy;
			containerPortal = 6CA4C3AD1E6EC62700189430 /* Project object */;
			proxyType = 1;
			remoteGlobalIDString = 6CA4C3B41E6EC62700189430;
			remoteInfo = ExpenseTracker;
		};
		6CA4C3D81E6EC62700189430 /* PBXContainerItemProxy */ = {
			isa = PBXContainerItemProxy;
			containerPortal = 6CA4C3AD1E6EC62700189430 /* Project object */;
			proxyType = 1;
			remoteGlobalIDString = 6CA4C3B41E6EC62700189430;
			remoteInfo = ExpenseTracker;
		};
/* End PBXContainerItemProxy section */

/* Begin PBXFileReference section */
		6CA4C3B51E6EC62700189430 /* ExpenseTracker.app */ = {isa = PBXFileReference; explicitFileType = wrapper.application; includeInIndex = 0; path = ExpenseTracker.app; sourceTree = BUILT_PRODUCTS_DIR; };
		6CA4C3B81E6EC62700189430 /* AppDelegate.swift */ = {isa = PBXFileReference; lastKnownFileType = sourcecode.swift; path = AppDelegate.swift; sourceTree = "<group>"; };
		6CA4C3BA1E6EC62700189430 /* ViewController.swift */ = {isa = PBXFileReference; lastKnownFileType = sourcecode.swift; path = ViewController.swift; sourceTree = "<group>"; };
		6CA4C3BD1E6EC62700189430 /* Base */ = {isa = PBXFileReference; lastKnownFileType = file.storyboard; name = Base; path = Base.lproj/Main.storyboard; sourceTree = "<group>"; };
		6CA4C3C01E6EC62700189430 /* ExpenseTracker.xcdatamodel */ = {isa = PBXFileReference; lastKnownFileType = wrapper.xcdatamodel; path = ExpenseTracker.xcdatamodel; sourceTree = "<group>"; };
		6CA4C3C21E6EC62700189430 /* Assets.xcassets */ = {isa = PBXFileReference; lastKnownFileType = folder.assetcatalog; path = Assets.xcassets; sourceTree = "<group>"; };
		6CA4C3C51E6EC62700189430 /* Base */ = {isa = PBXFileReference; lastKnownFileType = file.storyboard; name = Base; path = Base.lproj/LaunchScreen.storyboard; sourceTree = "<group>"; };
		6CA4C3C71E6EC62700189430 /* Info.plist */ = {isa = PBXFileReference; lastKnownFileType = text.plist.xml; path = Info.plist; sourceTree = "<group>"; };
		6CA4C3CC1E6EC62700189430 /* ExpenseTrackerTests.xctest */ = {isa = PBXFileReference; explicitFileType = wrapper.cfbundle; includeInIndex = 0; path = ExpenseTrackerTests.xctest; sourceTree = BUILT_PRODUCTS_DIR; };
		6CA4C3D01E6EC62700189430 /* ExpenseTrackerTests.swift */ = {isa = PBXFileReference; lastKnownFileType = sourcecode.swift; path = ExpenseTrackerTests.swift; sourceTree = "<group>"; };
		6CA4C3D21E6EC62700189430 /* Info.plist */ = {isa = PBXFileReference; lastKnownFileType = text.plist.xml; path = Info.plist; sourceTree = "<group>"; };
		6CA4C3D71E6EC62700189430 /* ExpenseTrackerUITests.xctest */ = {isa = PBXFileReference; explicitFileType = wrapper.cfbundle; includeInIndex = 0; path = ExpenseTrackerUITests.xctest; sourceTree = BUILT_PRODUCTS_DIR; };
		6CA4C3DB1E6EC62700189430 /* ExpenseTrackerUITests.swift */ = {isa = PBXFileReference; lastKnownFileType = sourcecode.swift; path = ExpenseTrackerUITests.swift; sourceTree = "<group>"; };
		6CA4C3DD1E6EC62700189430 /* Info.plist */ = {isa = PBXFileReference; lastKnownFileType = text.plist.xml; path = Info.plist; sourceTree = "<group>"; };
/* End PBXFileReference section */

/* Begin PBXFrameworksBuildPhase section */
		6CA4C3B21E6EC62700189430 /* Frameworks */ = {
			isa = PBXFrameworksBuildPhase;
			buildActionMask = 2147483647;
			files = (
			);
			runOnlyForDeploymentPostprocessing = 0;
		};
		6CA4C3C91E6EC62700189430 /* Frameworks */ = {
			isa = PBXFrameworksBuildPhase;
			buildActionMask = 2147483647;
			files = (
			);
			runOnlyForDeploymentPostprocessing = 0;
		};
		6CA4C3D41E6EC62700189430 /* Frameworks */ = {
			isa = PBXFrameworksBuildPhase;
			buildActionMask = 2147483647;
			files = (
			);
			runOnlyForDeploymentPostprocessing = 0;
		};
/* End PBXFrameworksBuildPhase section */

/* Begin PBXGroup section */
		6CA4C3AC1E6EC62700189430 = {
			isa = PBXGroup;
			children = (
				6CA4C3B71E6EC62700189430 /* ExpenseTracker */,
				6CA4C3CF1E6EC62700189430 /* ExpenseTrackerTests */,
				6CA4C3DA1E6EC62700189430 /* ExpenseTrackerUITests */,
				6CA4C3B61E6EC62700189430 /* Products */,
			);
			sourceTree = "<group>";
		};
		6CA4C3B61E6EC62700189430 /* Products */ = {
			isa = PBXGroup;
			children = (
				6CA4C3B51E6EC62700189430 /* ExpenseTracker.app */,
				6CA4C3CC1E6EC62700189430 /* ExpenseTrackerTests.xctest */,
				6CA4C3D71E6EC62700189430 /* ExpenseTrackerUITests.xctest */,
			);
			name = Products;
			sourceTree = "<group>";
		};
		6CA4C3B71E6EC62700189430 /* ExpenseTracker */ = {
			isa = PBXGroup;
			children = (
				6CA4C3B81E6EC62700189430 /* AppDelegate.swift */,
				6CA4C3BA1E6EC62700189430 /* ViewController.swift */,
				6CA4C3BC1E6EC62700189430 /* Main.storyboard */,
				6CA4C3C21E6EC62700189430 /* Assets.xcassets */,
				6CA4C3C41E6EC62700189430 /* LaunchScreen.storyboard */,
				6CA4C3C71E6EC62700189430 /* Info.plist */,
				6CA4C3BF1E6EC62700189430 /* ExpenseTracker.xcdatamodeld */,
			);
			path = ExpenseTracker;
			sourceTree = "<group>";
		};
		6CA4C3CF1E6EC62700189430 /* ExpenseTrackerTests */ = {
			isa = PBXGroup;
			children = (
				6CA4C3D01E6EC62700189430 /* ExpenseTrackerTests.swift */,
				6CA4C3D21E6EC62700189430 /* Info.plist */,
			);
			path = ExpenseTrackerTests;
			sourceTree = "<group>";
		};
		6CA4C3DA1E6EC62700189430 /* ExpenseTrackerUITests */ = {
			isa = PBXGroup;
			children = (
				6CA4C3DB1E6EC62700189430 /* ExpenseTrackerUITests.swift */,
				6CA4C3DD1E6EC62700189430 /* Info.plist */,
			);
			path = ExpenseTrackerUITests;
			sourceTree = "<group>";
		};
/* End PBXGroup section */

/* Begin PBXNativeTarget section */
		6CA4C3B41E6EC62700189430 /* ExpenseTracker */ = {
			isa = PBXNativeTarget;
			buildConfigurationList = 6CA4C3E01E6EC62700189430 /* Build configuration list for PBXNativeTarget "ExpenseTracker" */;
			buildPhases = (
				6CA4C3B11E6EC62700189430 /* Sources */,
				6CA4C3B21E6EC62700189430 /* Frameworks */,
				6CA4C3B31E6EC62700189430 /* Resources */,
			);
			buildRules = (
			);
			dependencies = (
			);
			name = ExpenseTracker;
			productName = ExpenseTracker;
			productReference = 6CA4C3B51E6EC62700189430 /* ExpenseTracker.app */;
			productType = "com.apple.product-type.application";
		};
		6CA4C3CB1E6EC62700189430 /* ExpenseTrackerTests */ = {
			isa = PBXNativeTarget;
			buildConfigurationList = 6CA4C3E31E6EC62700189430 /* Build configuration list for PBXNativeTarget "ExpenseTrackerTests" */;
			buildPhases = (
				6CA4C3C81E6EC62700189430 /* Sources */,
				6CA4C3C91E6EC62700189430 /* Frameworks */,
				6CA4C3CA1E6EC62700189430 /* Resources */,
			);
			buildRules = (
			);
			dependencies = (
				6CA4C3CE1E6EC62700189430 /* PBXTargetDependency */,
			);
			name = ExpenseTrackerTests;
			productName = ExpenseTrackerTests;
			productReference = 6CA4C3CC1E6EC62700189430 /* ExpenseTrackerTests.xctest */;
			productType = "com.apple.product-type.bundle.unit-test";
		};
		6CA4C3D61E6EC62700189430 /* ExpenseTrackerUITests */ = {
			isa = PBXNativeTarget;
			buildConfigurationList = 6CA4C3E61E6EC62700189430 /* Build configuration list for PBXNativeTarget "ExpenseTrackerUITests" */;
			buildPhases = (
				6CA4C3D31E6EC62700189430 /* Sources */,
				6CA4C3D41E6EC62700189430 /* Frameworks */,
				6CA4C3D51E6EC62700189430 /* Resources */,
			);
			buildRules = (
			);
			dependencies = (
				6CA4C3D91E6EC62700189430 /* PBXTargetDependency */,
			);
			name = ExpenseTrackerUITests;
			productName = ExpenseTrackerUITests;
			productReference = 6CA4C3D71E6EC62700189430 /* ExpenseTrackerUITests.xctest */;
			productType = "com.apple.product-type.bundle.ui-testing";
		};
/* End PBXNativeTarget section */

/* Begin PBXProject section */
		6CA4C3AD1E6EC62700189430 /* Project object */ = {
			isa = PBXProject;
			attributes = {
				CLASSPREFIX = "";
				LastSwiftUpdateCheck = 0800;
				LastUpgradeCheck = 0800;
				ORGANIZATIONNAME = HCL;
				TargetAttributes = {
					6CA4C3B41E6EC62700189430 = {
						CreatedOnToolsVersion = 8.0;
						DevelopmentTeam = 4EDX29VVN3;
						ProvisioningStyle = Automatic;
					};
					6CA4C3CB1E6EC62700189430 = {
						CreatedOnToolsVersion = 8.0;
						ProvisioningStyle = Automatic;
						TestTargetID = 6CA4C3B41E6EC62700189430;
					};
					6CA4C3D61E6EC62700189430 = {
						CreatedOnToolsVersion = 8.0;
						ProvisioningStyle = Automatic;
						TestTargetID = 6CA4C3B41E6EC62700189430;
					};
				};
			};
			buildConfigurationList = 6CA4C3B01E6EC62700189430 /* Build configuration list for PBXProject "ExpenseTracker" */;
			compatibilityVersion = "Xcode 3.2";
			developmentRegion = English;
			hasScannedForEncodings = 0;
			knownRegions = (
				en,
				Base,
			);
			mainGroup = 6CA4C3AC1E6EC62700189430;
			productRefGroup = 6CA4C3B61E6EC62700189430 /* Products */;
			projectDirPath = "";
			projectRoot = "";
			targets = (
				6CA4C3B41E6EC62700189430 /* ExpenseTracker */,
				6CA4C3CB1E6EC62700189430 /* ExpenseTrackerTests */,
				6CA4C3D61E6EC62700189430 /* ExpenseTrackerUITests */,
			);
		};
/* End PBXProject section */

/* Begin PBXResourcesBuildPhase section */
		6CA4C3B31E6EC62700189430 /* Resources */ = {
			isa = PBXResourcesBuildPhase;
			buildActionMask = 2147483647;
			files = (
				6CA4C3C61E6EC62700189430 /* LaunchScreen.storyboard in Resources */,
				6CA4C3C31E6EC62700189430 /* Assets.xcassets in Resources */,
				6CA4C3BE1E6EC62700189430 /* Main.storyboard in Resources */,
			);
			runOnlyForDeploymentPostprocessing = 0;
		};
		6CA4C3CA1E6EC62700189430 /* Resources */ = {
			isa = PBXResourcesBuildPhase;
			buildActionMask = 2147483647;
			files = (
			);
			runOnlyForDeploymentPostprocessing = 0;
		};
		6CA4C3D51E6EC62700189430 /* Resources */ = {
			isa = PBXResourcesBuildPhase;
			buildActionMask = 2147483647;
			files = (
			);
			runOnlyForDeploymentPostprocessing = 0;
		};
/* End PBXResourcesBuildPhase section */

/* Begin PBXSourcesBuildPhase section */
		6CA4C3B11E6EC62700189430 /* Sources */ = {
			isa = PBXSourcesBuildPhase;
			buildActionMask = 2147483647;
			files = (
				6CA4C3BB1E6EC62700189430 /* ViewController.swift in Sources */,
				6CA4C3C11E6EC62700189430 /* ExpenseTracker.xcdatamodeld in Sources */,
				6CA4C3B91E6EC62700189430 /* AppDelegate.swift in Sources */,
			);
			runOnlyForDeploymentPostprocessing = 0;
		};
		6CA4C3C81E6EC62700189430 /* Sources */ = {
			isa = PBXSourcesBuildPhase;
			buildActionMask = 2147483647;
			files = (
				6CA4C3D11E6EC62700189430 /* ExpenseTrackerTests.swift in Sources */,
			);
			runOnlyForDeploymentPostprocessing = 0;
		};
		6CA4C3D31E6EC62700189430 /* Sources */ = {
			isa = PBXSourcesBuildPhase;
			buildActionMask = 2147483647;
			files = (
				6CA4C3DC1E6EC62700189430 /* ExpenseTrackerUITests.swift in Sources */,
			);
			runOnlyForDeploymentPostprocessing = 0;
		};
/* End PBXSourcesBuildPhase section */

/* Begin PBXTargetDependency section */
		6CA4C3CE1E6EC62700189430 /* PBXTargetDependency */ = {
			isa = PBXTargetDependency;
			target = 6CA4C3B41E6EC62700189430 /* ExpenseTracker */;
			targetProxy = 6CA4C3CD1E6EC62700189430 /* PBXContainerItemProxy */;
		};
		6CA4C3D91E6EC62700189430 /* PBXTargetDependency */ = {
			isa = PBXTargetDependency;
			target = 6CA4C3B41E6EC62700189430 /* ExpenseTracker */;
			targetProxy = 6CA4C3D81E6EC62700189430 /* PBXContainerItemProxy */;
		};
/* End PBXTargetDependency section */

/* Begin PBXVariantGroup section */
		6CA4C3BC1E6EC62700189430 /* Main.storyboard */ = {
			isa = PBXVariantGroup;
			children = (
				6CA4C3BD1E6EC62700189430 /* Base */,
			);
			name = Main.storyboard;
			sourceTree = "<group>";
		};
		6CA4C3C41E6EC62700189430 /* LaunchScreen.storyboard */ = {
			isa = PBXVariantGroup;
			children = (
				6CA4C3C51E6EC62700189430 /* Base */,
			);
			name = LaunchScreen.storyboard;
			sourceTree = "<group>";
		};
/* End PBXVariantGroup section */

/* Begin XCBuildConfiguration section */
		6CA4C3DE1E6EC62700189430 /* Debug */ = {
			isa = XCBuildConfiguration;
			buildSettings = {
				ALWAYS_SEARCH_USER_PATHS = NO;
				CLANG_ANALYZER_NONNULL = YES;
				CLANG_CXX_LANGUAGE_STANDARD = "gnu++0x";
				CLANG_CXX_LIBRARY = "libc++";
				CLANG_ENABLE_MODULES = YES;
				CLANG_ENABLE_OBJC_ARC = YES;
				CLANG_WARN_BOOL_CONVERSION = YES;
				CLANG_WARN_CONSTANT_CONVERSION = YES;
				CLANG_WARN_DIRECT_OBJC_ISA_USAGE = YES_ERROR;
				CLANG_WARN_DOCUMENTATION_COMMENTS = YES;
				CLANG_WARN_EMPTY_BODY = YES;
				CLANG_WARN_ENUM_CONVERSION = YES;
				CLANG_WARN_INFINITE_RECURSION = YES;
				CLANG_WARN_INT_CONVERSION = YES;
				CLANG_WARN_OBJC_ROOT_CLASS = YES_ERROR;
				CLANG_WARN_SUSPICIOUS_MOVES = YES;
				CLANG_WARN_UNREACHABLE_CODE = YES;
				CLANG_WARN__DUPLICATE_METHOD_MATCH = YES;
				"CODE_SIGN_IDENTITY[sdk=iphoneos*]" = "iPhone Developer";
				COPY_PHASE_STRIP = NO;
				DEBUG_INFORMATION_FORMAT = dwarf;
				ENABLE_STRICT_OBJC_MSGSEND = YES;
				ENABLE_TESTABILITY = YES;
				GCC_C_LANGUAGE_STANDARD = gnu99;
				GCC_DYNAMIC_NO_PIC = NO;
				GCC_NO_COMMON_BLOCKS = YES;
				GCC_OPTIMIZATION_LEVEL = 0;
				GCC_PREPROCESSOR_DEFINITIONS = (
					"DEBUG=1",
					"$(inherited)",
				);
				GCC_WARN_64_TO_32_BIT_CONVERSION = YES;
				GCC_WARN_ABOUT_RETURN_TYPE = YES_ERROR;
				GCC_WARN_UNDECLARED_SELECTOR = YES;
				GCC_WARN_UNINITIALIZED_AUTOS = YES_AGGRESSIVE;
				GCC_WARN_UNUSED_FUNCTION = YES;
				GCC_WARN_UNUSED_VARIABLE = YES;
				IPHONEOS_DEPLOYMENT_TARGET = 10.0;
				MTL_ENABLE_DEBUG_INFO = YES;
				ONLY_ACTIVE_ARCH = YES;
				SDKROOT = iphoneos;
				SWIFT_ACTIVE_COMPILATION_CONDITIONS = DEBUG;
				SWIFT_OPTIMIZATION_LEVEL = "-Onone";
				TARGETED_DEVICE_FAMILY = "1,2";
			};
			name = Debug;
		};
		6CA4C3DF1E6EC62700189430 /* Release */ = {
			isa = XCBuildConfiguration;
			buildSettings = {
				ALWAYS_SEARCH_USER_PATHS = NO;
				CLANG_ANALYZER_NONNULL = YES;
				CLANG_CXX_LANGUAGE_STANDARD = "gnu++0x";
				CLANG_CXX_LIBRARY = "libc++";
				CLANG_ENABLE_MODULES = YES;
				CLANG_ENABLE_OBJC_ARC = YES;
				CLANG_WARN_BOOL_CONVERSION = YES;
				CLANG_WARN_CONSTANT_CONVERSION = YES;
				CLANG_WARN_DIRECT_OBJC_ISA_USAGE = YES_ERROR;
				CLANG_WARN_DOCUMENTATION_COMMENTS = YES;
				CLANG_WARN_EMPTY_BODY = YES;
				CLANG_WARN_ENUM_CONVERSION = YES;
				CLANG_WARN_INFINITE_RECURSION = YES;
				CLANG_WARN_INT_CONVERSION = YES;
				CLANG_WARN_OBJC_ROOT_CLASS = YES_ERROR;
				CLANG_WARN_SUSPICIOUS_MOVES = YES;
				CLANG_WARN_UNREACHABLE_CODE = YES;
				CLANG_WARN__DUPLICATE_METHOD_MATCH = YES;
				"CODE_SIGN_IDENTITY[sdk=iphoneos*]" = "iPhone Developer";
				COPY_PHASE_STRIP = NO;
				DEBUG_INFORMATION_FORMAT = "dwarf-with-dsym";
				ENABLE_NS_ASSERTIONS = NO;
				ENABLE_STRICT_OBJC_MSGSEND = YES;
				GCC_C_LANGUAGE_STANDARD = gnu99;
				GCC_NO_COMMON_BLOCKS = YES;
				GCC_WARN_64_TO_32_BIT_CONVERSION = YES;
				GCC_WARN_ABOUT_RETURN_TYPE = YES_ERROR;
				GCC_WARN_UNDECLARED_SELECTOR = YES;
				GCC_WARN_UNINITIALIZED_AUTOS = YES_AGGRESSIVE;
				GCC_WARN_UNUSED_FUNCTION = YES;
				GCC_WARN_UNUSED_VARIABLE = YES;
				IPHONEOS_DEPLOYMENT_TARGET = 10.0;
				MTL_ENABLE_DEBUG_INFO = NO;
				SDKROOT = iphoneos;
				SWIFT_OPTIMIZATION_LEVEL = "-Owholemodule";
				TARGETED_DEVICE_FAMILY = "1,2";
				VALIDATE_PRODUCT = YES;
			};
			name = Release;
		};
		6CA4C3E11E6EC62700189430 /* Debug */ = {
			isa = XCBuildConfiguration;
			buildSettings = {
				ASSETCATALOG_COMPILER_APPICON_NAME = AppIcon;
				DEVELOPMENT_TEAM = 4EDX29VVN3;
				INFOPLIST_FILE = ExpenseTracker/Info.plist;
				LD_RUNPATH_SEARCH_PATHS = "$(inherited) @executable_path/Frameworks";
				PRODUCT_BUNDLE_IDENTIFIER = com.HCL.ers.ExpenseTracker;
				PRODUCT_NAME = "$(TARGET_NAME)";
				SWIFT_VERSION = 3.0;
			};
			name = Debug;
		};
		6CA4C3E21E6EC62700189430 /* Release */ = {
			isa = XCBuildConfiguration;
			buildSettings = {
				ASSETCATALOG_COMPILER_APPICON_NAME = AppIcon;
				DEVELOPMENT_TEAM = 4EDX29VVN3;
				INFOPLIST_FILE = ExpenseTracker/Info.plist;
				LD_RUNPATH_SEARCH_PATHS = "$(inherited) @executable_path/Frameworks";
				PRODUCT_BUNDLE_IDENTIFIER = com.HCL.ers.ExpenseTracker;
				PRODUCT_NAME = "$(TARGET_NAME)";
				SWIFT_VERSION = 3.0;
			};
			name = Release;
		};
		6CA4C3E41E6EC62700189430 /* Debug */ = {
			isa = XCBuildConfiguration;
			buildSettings = {
				ALWAYS_EMBED_SWIFT_STANDARD_LIBRARIES = YES;
				BUNDLE_LOADER = "$(TEST_HOST)";
				INFOPLIST_FILE = ExpenseTrackerTests/Info.plist;
				LD_RUNPATH_SEARCH_PATHS = "$(inherited) @executable_path/Frameworks @loader_path/Frameworks";
				PRODUCT_BUNDLE_IDENTIFIER = com.HCL.ers.ExpenseTrackerTests;
				PRODUCT_NAME = "$(TARGET_NAME)";
				SWIFT_VERSION = 3.0;
				TEST_HOST = "$(BUILT_PRODUCTS_DIR)/ExpenseTracker.app/ExpenseTracker";
			};
			name = Debug;
		};
		6CA4C3E51E6EC62700189430 /* Release */ = {
			isa = XCBuildConfiguration;
			buildSettings = {
				ALWAYS_EMBED_SWIFT_STANDARD_LIBRARIES = YES;
				BUNDLE_LOADER = "$(TEST_HOST)";
				INFOPLIST_FILE = ExpenseTrackerTests/Info.plist;
				LD_RUNPATH_SEARCH_PATHS = "$(inherited) @executable_path/Frameworks @loader_path/Frameworks";
				PRODUCT_BUNDLE_IDENTIFIER = com.HCL.ers.ExpenseTrackerTests;
				PRODUCT_NAME = "$(TARGET_NAME)";
				SWIFT_VERSION = 3.0;
				TEST_HOST = "$(BUILT_PRODUCTS_DIR)/ExpenseTracker.app/ExpenseTracker";
			};
			name = Release;
		};
		6CA4C3E71E6EC62700189430 /* Debug */ = {
			isa = XCBuildConfiguration;
			buildSettings = {
				ALWAYS_EMBED_SWIFT_STANDARD_LIBRARIES = YES;
				INFOPLIST_FILE = ExpenseTrackerUITests/Info.plist;
				LD_RUNPATH_SEARCH_PATHS = "$(inherited) @executable_path/Frameworks @loader_path/Frameworks";
				PRODUCT_BUNDLE_IDENTIFIER = com.HCL.ers.ExpenseTrackerUITests;
				PRODUCT_NAME = "$(TARGET_NAME)";
				SWIFT_VERSION = 3.0;
				TEST_TARGET_NAME = ExpenseTracker;
			};
			name = Debug;
		};
		6CA4C3E81E6EC62700189430 /* Release */ = {
			isa = XCBuildConfiguration;
			buildSettings = {
				ALWAYS_EMBED_SWIFT_STANDARD_LIBRARIES = YES;
				INFOPLIST_FILE = ExpenseTrackerUITests/Info.plist;
				LD_RUNPATH_SEARCH_PATHS = "$(inherited) @executable_path/Frameworks @loader_path/Frameworks";
				PRODUCT_BUNDLE_IDENTIFIER = com.HCL.ers.ExpenseTrackerUITests;
				PRODUCT_NAME = "$(TARGET_NAME)";
				SWIFT_VERSION = 3.0;
				TEST_TARGET_NAME = ExpenseTracker;
			};
			name = Release;
		};
/* End XCBuildConfiguration section */

/* Begin XCConfigurationList section */
		6CA4C3B01E6EC62700189430 /* Build configuration list for PBXProject "ExpenseTracker" */ = {
			isa = XCConfigurationList;
			buildConfigurations = (
				6CA4C3DE1E6EC62700189430 /* Debug */,
				6CA4C3DF1E6EC62700189430 /* Release */,
			);
			defaultConfigurationIsVisible = 0;
			defaultConfigurationName = Release;
		};
		6CA4C3E01E6EC62700189430 /* Build configuration list for PBXNativeTarget "ExpenseTracker" */ = {
			isa = XCConfigurationList;
			buildConfigurations = (
				6CA4C3E11E6EC62700189430 /* Debug */,
				6CA4C3E21E6EC62700189430 /* Release */,
			);
			defaultConfigurationIsVisible = 0;
		};
		6CA4C3E31E6EC62700189430 /* Build configuration list for PBXNativeTarget "ExpenseTrackerTests" */ = {
			isa = XCConfigurationList;
			buildConfigurations = (
				6CA4C3E41E6EC62700189430 /* Debug */,
				6CA4C3E51E6EC62700189430 /* Release */,
			);
			defaultConfigurationIsVisible = 0;
		};
		6CA4C3E61E6EC62700189430 /* Build configuration list for PBXNativeTarget "ExpenseTrackerUITests" */ = {
			isa = XCConfigurationList;
			buildConfigurations = (
				6CA4C3E71E6EC62700189430 /* Debug */,
				6CA4C3E81E6EC62700189430 /* Release */,
			);
			defaultConfigurationIsVisible = 0;
		};
/* End XCConfigurationList section */

/* Begin XCVersionGroup section */
		6CA4C3BF1E6EC62700189430 /* ExpenseTracker.xcdatamodeld */ = {
			isa = XCVersionGroup;
			children = (
				6CA4C3C01E6EC62700189430 /* ExpenseTracker.xcdatamodel */,
			);
			currentVersion = 6CA4C3C01E6EC62700189430 /* ExpenseTracker.xcdatamodel */;
			path = ExpenseTracker.xcdatamodeld;
			sourceTree = "<group>";
			versionGroupType = wrapper.xcdatamodel;
		};
/* End XCVersionGroup section */
	};
	rootObject = 6CA4C3AD1E6EC62700189430 /* Project object */;
}
